// !$*UTF8*$!
{
	archiveVersion = 1;
	classes = {
	};
	objectVersion = 50;
	objects = {

/* Begin PBXBuildFile section */
		259F79CB22BA54A60027C6BB /* AppDelegate.swift in Sources */ = {isa = PBXBuildFile; fileRef = 259F79CA22BA54A60027C6BB /* AppDelegate.swift */; };
		259F79CD22BA54A60027C6BB /* SceneDelegate.swift in Sources */ = {isa = PBXBuildFile; fileRef = 259F79CC22BA54A60027C6BB /* SceneDelegate.swift */; };
		259F79CF22BA54A60027C6BB /* ContentView.swift in Sources */ = {isa = PBXBuildFile; fileRef = 259F79CE22BA54A60027C6BB /* ContentView.swift */; };
		259F79D122BA54A80027C6BB /* Assets.xcassets in Resources */ = {isa = PBXBuildFile; fileRef = 259F79D022BA54A80027C6BB /* Assets.xcassets */; };
		259F79D422BA54A80027C6BB /* Preview Assets.xcassets in Resources */ = {isa = PBXBuildFile; fileRef = 259F79D322BA54A80027C6BB /* Preview Assets.xcassets */; };
		259F79D722BA54A80027C6BB /* LaunchScreen.storyboard in Resources */ = {isa = PBXBuildFile; fileRef = 259F79D522BA54A80027C6BB /* LaunchScreen.storyboard */; };
		259F79DF22BA54F00027C6BB /* Processor.swift in Sources */ = {isa = PBXBuildFile; fileRef = 259F79DE22BA54F00027C6BB /* Processor.swift */; };
		259F79E122BA56870027C6BB /* Resnet50.mlmodel in Sources */ = {isa = PBXBuildFile; fileRef = 259F79E022BA56870027C6BB /* Resnet50.mlmodel */; };
/* End PBXBuildFile section */

/* Begin PBXFileReference section */
		259F79C722BA54A60027C6BB /* VisionSample.app */ = {isa = PBXFileReference; explicitFileType = wrapper.application; includeInIndex = 0; path = VisionSample.app; sourceTree = BUILT_PRODUCTS_DIR; };
		259F79CA22BA54A60027C6BB /* AppDelegate.swift */ = {isa = PBXFileReference; lastKnownFileType = sourcecode.swift; path = AppDelegate.swift; sourceTree = "<group>"; };
		259F79CC22BA54A60027C6BB /* SceneDelegate.swift */ = {isa = PBXFileReference; lastKnownFileType = sourcecode.swift; path = SceneDelegate.swift; sourceTree = "<group>"; };
		259F79CE22BA54A60027C6BB /* ContentView.swift */ = {isa = PBXFileReference; lastKnownFileType = sourcecode.swift; path = ContentView.swift; sourceTree = "<group>"; };
		259F79D022BA54A80027C6BB /* Assets.xcassets */ = {isa = PBXFileReference; lastKnownFileType = folder.assetcatalog; path = Assets.xcassets; sourceTree = "<group>"; };
		259F79D322BA54A80027C6BB /* Preview Assets.xcassets */ = {isa = PBXFileReference; lastKnownFileType = folder.assetcatalog; path = "Preview Assets.xcassets"; sourceTree = "<group>"; };
		259F79D622BA54A80027C6BB /* Base */ = {isa = PBXFileReference; lastKnownFileType = file.storyboard; name = Base; path = Base.lproj/LaunchScreen.storyboard; sourceTree = "<group>"; };
		259F79D822BA54A80027C6BB /* Info.plist */ = {isa = PBXFileReference; lastKnownFileType = text.plist.xml; path = Info.plist; sourceTree = "<group>"; };
		259F79DE22BA54F00027C6BB /* Processor.swift */ = {isa = PBXFileReference; lastKnownFileType = sourcecode.swift; path = Processor.swift; sourceTree = "<group>"; };
		259F79E022BA56870027C6BB /* Resnet50.mlmodel */ = {isa = PBXFileReference; lastKnownFileType = file.mlmodel; path = Resnet50.mlmodel; sourceTree = "<group>"; };
/* End PBXFileReference section */

/* Begin PBXFrameworksBuildPhase section */
		259F79C422BA54A60027C6BB /* Frameworks */ = {
			isa = PBXFrameworksBuildPhase;
			buildActionMask = 2147483647;
			files = (
			);
			runOnlyForDeploymentPostprocessing = 0;
		};
/* End PBXFrameworksBuildPhase section */

/* Begin PBXGroup section */
		259F79BE22BA54A60027C6BB = {
			isa = PBXGroup;
			children = (
				259F79C922BA54A60027C6BB /* VisionSample */,
				259F79C822BA54A60027C6BB /* Products */,
			);
			sourceTree = "<group>";
		};
		259F79C822BA54A60027C6BB /* Products */ = {
			isa = PBXGroup;
			children = (
				259F79C722BA54A60027C6BB /* VisionSample.app */,
			);
			name = Products;
			sourceTree = "<group>";
		};
		259F79C922BA54A60027C6BB /* VisionSample */ = {
			isa = PBXGroup;
			children = (
				259F79E022BA56870027C6BB /* Resnet50.mlmodel */,
				259F79CA22BA54A60027C6BB /* AppDelegate.swift */,
				259F79CC22BA54A60027C6BB /* SceneDelegate.swift */,
				259F79CE22BA54A60027C6BB /* ContentView.swift */,
				259F79D022BA54A80027C6BB /* Assets.xcassets */,
				259F79D522BA54A80027C6BB /* LaunchScreen.storyboard */,
				259F79D822BA54A80027C6BB /* Info.plist */,
				259F79D222BA54A80027C6BB /* Preview Content */,
				259F79DE22BA54F00027C6BB /* Processor.swift */,
			);
			path = VisionSample;
			sourceTree = "<group>";
		};
		259F79D222BA54A80027C6BB /* Preview Content */ = {
			isa = PBXGroup;
			children = (
				259F79D322BA54A80027C6BB /* Preview Assets.xcassets */,
			);
			path = "Preview Content";
			sourceTree = "<group>";
		};
/* End PBXGroup section */

/* Begin PBXNativeTarget section */
		259F79C622BA54A60027C6BB /* VisionSample */ = {
			isa = PBXNativeTarget;
			buildConfigurationList = 259F79DB22BA54A80027C6BB /* Build configuration list for PBXNativeTarget "VisionSample" */;
			buildPhases = (
				259F79C322BA54A60027C6BB /* Sources */,
				259F79C422BA54A60027C6BB /* Frameworks */,
				259F79C522BA54A60027C6BB /* Resources */,
			);
			buildRules = (
			);
			dependencies = (
			);
			name = VisionSample;
			productName = VisionSample;
			productReference = 259F79C722BA54A60027C6BB /* VisionSample.app */;
			productType = "com.apple.product-type.application";
		};
/* End PBXNativeTarget section */

/* Begin PBXProject section */
		259F79BF22BA54A60027C6BB /* Project object */ = {
			isa = PBXProject;
			attributes = {
				LastSwiftUpdateCheck = 1100;
				LastUpgradeCheck = 1100;
				ORGANIZATIONNAME = "Kazumasa Shimomura";
				TargetAttributes = {
					259F79C622BA54A60027C6BB = {
						CreatedOnToolsVersion = 11.0;
					};
				};
			};
			buildConfigurationList = 259F79C222BA54A60027C6BB /* Build configuration list for PBXProject "VisionSample" */;
			compatibilityVersion = "Xcode 9.3";
			developmentRegion = en;
			hasScannedForEncodings = 0;
			knownRegions = (
				en,
				Base,
			);
			mainGroup = 259F79BE22BA54A60027C6BB;
			productRefGroup = 259F79C822BA54A60027C6BB /* Products */;
			projectDirPath = "";
			projectRoot = "";
			targets = (
				259F79C622BA54A60027C6BB /* VisionSample */,
			);
		};
/* End PBXProject section */

/* Begin PBXResourcesBuildPhase section */
		259F79C522BA54A60027C6BB /* Resources */ = {
			isa = PBXResourcesBuildPhase;
			buildActionMask = 2147483647;
			files = (
				259F79D722BA54A80027C6BB /* LaunchScreen.storyboard in Resources */,
				259F79D422BA54A80027C6BB /* Preview Assets.xcassets in Resources */,
				259F79D122BA54A80027C6BB /* Assets.xcassets in Resources */,
			);
			runOnlyForDeploymentPostprocessing = 0;
		};
/* End PBXResourcesBuildPhase section */

/* Begin PBXSourcesBuildPhase section */
		259F79C322BA54A60027C6BB /* Sources */ = {
			isa = PBXSourcesBuildPhase;
			buildActionMask = 2147483647;
			files = (
				259F79E122BA56870027C6BB /* Resnet50.mlmodel in Sources */,
				259F79CB22BA54A60027C6BB /* AppDelegate.swift in Sources */,
				259F79CD22BA54A60027C6BB /* SceneDelegate.swift in Sources */,
				259F79DF22BA54F00027C6BB /* Processor.swift in Sources */,
				259F79CF22BA54A60027C6BB /* ContentView.swift in Sources */,
			);
			runOnlyForDeploymentPostprocessing = 0;
		};
/* End PBXSourcesBuildPhase section */

/* Begin PBXVariantGroup section */
		259F79D522BA54A80027C6BB /* LaunchScreen.storyboard */ = {
			isa = PBXVariantGroup;
			children = (
				259F79D622BA54A80027C6BB /* Base */,
			);
			name = LaunchScreen.storyboard;
			sourceTree = "<group>";
		};
/* End PBXVariantGroup section */

/* Begin XCBuildConfiguration section */
		259F79D922BA54A80027C6BB /* Debug */ = {
			isa = XCBuildConfiguration;
			buildSettings = {
				ALWAYS_SEARCH_USER_PATHS = NO;
				CLANG_ANALYZER_NONNULL = YES;
				CLANG_ANALYZER_NUMBER_OBJECT_CONVERSION = YES_AGGRESSIVE;
				CLANG_CXX_LANGUAGE_STANDARD = "gnu++14";
				CLANG_CXX_LIBRARY = "libc++";
				CLANG_ENABLE_MODULES = YES;
				CLANG_ENABLE_OBJC_ARC = YES;
				CLANG_ENABLE_OBJC_WEAK = YES;
				CLANG_WARN_BLOCK_CAPTURE_AUTORELEASING = YES;
				CLANG_WARN_BOOL_CONVERSION = YES;
				CLANG_WARN_COMMA = YES;
				CLANG_WARN_CONSTANT_CONVERSION = YES;
				CLANG_WARN_DEPRECATED_OBJC_IMPLEMENTATIONS = YES;
				CLANG_WARN_DIRECT_OBJC_ISA_USAGE = YES_ERROR;
				CLANG_WARN_DOCUMENTATION_COMMENTS = YES;
				CLANG_WARN_EMPTY_BODY = YES;
				CLANG_WARN_ENUM_CONVERSION = YES;
				CLANG_WARN_INFINITE_RECURSION = YES;
				CLANG_WARN_INT_CONVERSION = YES;
				CLANG_WARN_NON_LITERAL_NULL_CONVERSION = YES;
				CLANG_WARN_OBJC_IMPLICIT_RETAIN_SELF = YES;
				CLANG_WARN_OBJC_LITERAL_CONVERSION = YES;
				CLANG_WARN_OBJC_ROOT_CLASS = YES_ERROR;
				CLANG_WARN_RANGE_LOOP_ANALYSIS = YES;
				CLANG_WARN_STRICT_PROTOTYPES = YES;
				CLANG_WARN_SUSPICIOUS_MOVE = YES;
				CLANG_WARN_UNGUARDED_AVAILABILITY = YES_AGGRESSIVE;
				CLANG_WARN_UNREACHABLE_CODE = YES;
				CLANG_WARN__DUPLICATE_METHOD_MATCH = YES;
				COPY_PHASE_STRIP = NO;
				DEBUG_INFORMATION_FORMAT = dwarf;
				ENABLE_STRICT_OBJC_MSGSEND = YES;
				ENABLE_TESTABILITY = YES;
				GCC_C_LANGUAGE_STANDARD = gnu11;
				GCC_DYNAMIC_NO_PIC = NO;
				GCC_NO_COMMON_BLOCKS = YES;
				GCC_OPTIMIZATION_LEVEL = 0;
				GCC_PREPROCESSOR_DEFINITIONS = (
					"DEBUG=1",
					"$(inherited)",
				);
				GCC_WARN_64_TO_32_BIT_CONVERSION = YES;
				GCC_WARN_ABOUT_RETURN_TYPE = YES_ERROR;
				GCC_WARN_UNDECLARED_SELECTOR = YES;
				GCC_WARN_UNINITIALIZED_AUTOS = YES_AGGRESSIVE;
				GCC_WARN_UNUSED_FUNCTION = YES;
				GCC_WARN_UNUSED_VARIABLE = YES;
				IPHONEOS_DEPLOYMENT_TARGET = 13.0;
				MTL_ENABLE_DEBUG_INFO = INCLUDE_SOURCE;
				MTL_FAST_MATH = YES;
				ONLY_ACTIVE_ARCH = YES;
				SDKROOT = iphoneos;
				SWIFT_ACTIVE_COMPILATION_CONDITIONS = DEBUG;
				SWIFT_OPTIMIZATION_LEVEL = "-Onone";
			};
			name = Debug;
		};
		259F79DA22BA54A80027C6BB /* Release */ = {
			isa = XCBuildConfiguration;
			buildSettings = {
				ALWAYS_SEARCH_USER_PATHS = NO;
				CLANG_ANALYZER_NONNULL = YES;
				CLANG_ANALYZER_NUMBER_OBJECT_CONVERSION = YES_AGGRESSIVE;
				CLANG_CXX_LANGUAGE_STANDARD = "gnu++14";
				CLANG_CXX_LIBRARY = "libc++";
				CLANG_ENABLE_MODULES = YES;
				CLANG_ENABLE_OBJC_ARC = YES;
				CLANG_ENABLE_OBJC_WEAK = YES;
				CLANG_WARN_BLOCK_CAPTURE_AUTORELEASING = YES;
				CLANG_WARN_BOOL_CONVERSION = YES;
				CLANG_WARN_COMMA = YES;
				CLANG_WARN_CONSTANT_CONVERSION = YES;
				CLANG_WARN_DEPRECATED_OBJC_IMPLEMENTATIONS = YES;
				CLANG_WARN_DIRECT_OBJC_ISA_USAGE = YES_ERROR;
				CLANG_WARN_DOCUMENTATION_COMMENTS = YES;
				CLANG_WARN_EMPTY_BODY = YES;
				CLANG_WARN_ENUM_CONVERSION = YES;
				CLANG_WARN_INFINITE_RECURSION = YES;
				CLANG_WARN_INT_CONVERSION = YES;
				CLANG_WARN_NON_LITERAL_NULL_CONVERSION = YES;
				CLANG_WARN_OBJC_IMPLICIT_RETAIN_SELF = YES;
				CLANG_WARN_OBJC_LITERAL_CONVERSION = YES;
				CLANG_WARN_OBJC_ROOT_CLASS = YES_ERROR;
				CLANG_WARN_RANGE_LOOP_ANALYSIS = YES;
				CLANG_WARN_STRICT_PROTOTYPES = YES;
				CLANG_WARN_SUSPICIOUS_MOVE = YES;
				CLANG_WARN_UNGUARDED_AVAILABILITY = YES_AGGRESSIVE;
				CLANG_WARN_UNREACHABLE_CODE = YES;
				CLANG_WARN__DUPLICATE_METHOD_MATCH = YES;
				COPY_PHASE_STRIP = NO;
				DEBUG_INFORMATION_FORMAT = "dwarf-with-dsym";
				ENABLE_NS_ASSERTIONS = NO;
				ENABLE_STRICT_OBJC_MSGSEND = YES;
				GCC_C_LANGUAGE_STANDARD = gnu11;
				GCC_NO_COMMON_BLOCKS = YES;
				GCC_WARN_64_TO_32_BIT_CONVERSION = YES;
				GCC_WARN_ABOUT_RETURN_TYPE = YES_ERROR;
				GCC_WARN_UNDECLARED_SELECTOR = YES;
				GCC_WARN_UNINITIALIZED_AUTOS = YES_AGGRESSIVE;
				GCC_WARN_UNUSED_FUNCTION = YES;
				GCC_WARN_UNUSED_VARIABLE = YES;
				IPHONEOS_DEPLOYMENT_TARGET = 13.0;
				MTL_ENABLE_DEBUG_INFO = NO;
				MTL_FAST_MATH = YES;
				SDKROOT = iphoneos;
				SWIFT_COMPILATION_MODE = wholemodule;
				SWIFT_OPTIMIZATION_LEVEL = "-O";
				VALIDATE_PRODUCT = YES;
			};
			name = Release;
		};
		259F79DC22BA54A80027C6BB /* Debug */ = {
			isa = XCBuildConfiguration;
			buildSettings = {
				ASSETCATALOG_COMPILER_APPICON_NAME = AppIcon;
				CODE_SIGN_STYLE = Automatic;
				DEVELOPMENT_ASSET_PATHS = "VisionSample/Preview\\ Content";
				ENABLE_PREVIEWS = YES;
				INFOPLIST_FILE = VisionSample/Info.plist;
				LD_RUNPATH_SEARCH_PATHS = (
					"$(inherited)",
					"@executable_path/Frameworks",
				);
				PRODUCT_BUNDLE_IDENTIFIER = xyz.kazuringo.VisionSample;
				PRODUCT_NAME = "$(TARGET_NAME)";
				SWIFT_VERSION = 5.0;
				TARGETED_DEVICE_FAMILY = "1,2";
			};
			name = Debug;
		};
		259F79DD22BA54A80027C6BB /* Release */ = {
			isa = XCBuildConfiguration;
			buildSettings = {
				ASSETCATALOG_COMPILER_APPICON_NAME = AppIcon;
				CODE_SIGN_STYLE = Automatic;
				DEVELOPMENT_ASSET_PATHS = "VisionSample/Preview\\ Content";
				ENABLE_PREVIEWS = YES;
				INFOPLIST_FILE = VisionSample/Info.plist;
				LD_RUNPATH_SEARCH_PATHS = (
					"$(inherited)",
					"@executable_path/Frameworks",
				);
				PRODUCT_BUNDLE_IDENTIFIER = xyz.kazuringo.VisionSample;
				PRODUCT_NAME = "$(TARGET_NAME)";
				SWIFT_VERSION = 5.0;
				TARGETED_DEVICE_FAMILY = "1,2";
			};
			name = Release;
		};
/* End XCBuildConfiguration section */

/* Begin XCConfigurationList section */
		259F79C222BA54A60027C6BB /* Build configuration list for PBXProject "VisionSample" */ = {
			isa = XCConfigurationList;
			buildConfigurations = (
				259F79D922BA54A80027C6BB /* Debug */,
				259F79DA22BA54A80027C6BB /* Release */,
			);
			defaultConfigurationIsVisible = 0;
			defaultConfigurationName = Release;
		};
		259F79DB22BA54A80027C6BB /* Build configuration list for PBXNativeTarget "VisionSample" */ = {
			isa = XCConfigurationList;
			buildConfigurations = (
				259F79DC22BA54A80027C6BB /* Debug */,
				259F79DD22BA54A80027C6BB /* Release */,
			);
			defaultConfigurationIsVisible = 0;
			defaultConfigurationName = Release;
		};
/* End XCConfigurationList section */
	};
	rootObject = 259F79BF22BA54A60027C6BB /* Project object */;
}
